
Microsoft Visual Studio Solution File, Format Version 12.00
# Visual Studio 15
VisualStudioVersion = 15.0.27130.2027
MinimumVisualStudioVersion = 10.0.40219.1
Project("{FAE04EC0-301F-11D3-BF4B-00C04F79EFBC}") = "XamlProject.Android", "XamlProject\XamlProject.Android\XamlProject.Android.csproj", "{494B8F88-8D76-4C9C-8F87-75859E1C5FFB}"
EndProject
Project("{FAE04EC0-301F-11D3-BF4B-00C04F79EFBC}") = "XamlProject.iOS", "XamlProject\XamlProject.iOS\XamlProject.iOS.csproj", "{FC7CF01E-A20B-4EB7-BF15-D0C57A45B9B0}"
EndProject
Project("{FAE04EC0-301F-11D3-BF4B-00C04F79EFBC}") = "XamlProject.UWP", "XamlProject\XamlProject.UWP\XamlProject.UWP.csproj", "{185D5D91-01EB-47A4-853A-7A9106E9128D}"
EndProject
Project("{FAE04EC0-301F-11D3-BF4B-00C04F79EFBC}") = "XamlProject", "XamlProject\XamlProject\XamlProject.csproj", "{EAA822FC-62ED-4037-BB2F-EBDAEB654915}"
EndProject
Global
	GlobalSection(SolutionConfigurationPlatforms) = preSolution
		Ad-Hoc|Any CPU = Ad-Hoc|Any CPU
		Ad-Hoc|ARM = Ad-Hoc|ARM
		Ad-Hoc|iPhone = Ad-Hoc|iPhone
		Ad-Hoc|iPhoneSimulator = Ad-Hoc|iPhoneSimulator
		Ad-Hoc|x64 = Ad-Hoc|x64
		Ad-Hoc|x86 = Ad-Hoc|x86
		AppStore|Any CPU = AppStore|Any CPU
		AppStore|ARM = AppStore|ARM
		AppStore|iPhone = AppStore|iPhone
		AppStore|iPhoneSimulator = AppStore|iPhoneSimulator
		AppStore|x64 = AppStore|x64
		AppStore|x86 = AppStore|x86
		Debug|Any CPU = Debug|Any CPU
		Debug|ARM = Debug|ARM
		Debug|iPhone = Debug|iPhone
		Debug|iPhoneSimulator = Debug|iPhoneSimulator
		Debug|x64 = Debug|x64
		Debug|x86 = Debug|x86
		Release|Any CPU = Release|Any CPU
		Release|ARM = Release|ARM
		Release|iPhone = Release|iPhone
		Release|iPhoneSimulator = Release|iPhoneSimulator
		Release|x64 = Release|x64
		Release|x86 = Release|x86
	EndGlobalSection
	GlobalSection(ProjectConfigurationPlatforms) = postSolution
		{494B8F88-8D76-4C9C-8F87-75859E1C5FFB}.Ad-Hoc|Any CPU.ActiveCfg = Release|Any CPU
		{494B8F88-8D76-4C9C-8F87-75859E1C5FFB}.Ad-Hoc|Any CPU.Build.0 = Release|Any CPU
		{494B8F88-8D76-4C9C-8F87-75859E1C5FFB}.Ad-Hoc|Any CPU.Deploy.0 = Release|Any CPU
		{494B8F88-8D76-4C9C-8F87-75859E1C5FFB}.Ad-Hoc|ARM.ActiveCfg = Release|Any CPU
		{494B8F88-8D76-4C9C-8F87-75859E1C5FFB}.Ad-Hoc|ARM.Build.0 = Release|Any CPU
		{494B8F88-8D76-4C9C-8F87-75859E1C5FFB}.Ad-Hoc|ARM.Deploy.0 = Release|Any CPU
		{494B8F88-8D76-4C9C-8F87-75859E1C5FFB}.Ad-Hoc|iPhone.ActiveCfg = Release|Any CPU
		{494B8F88-8D76-4C9C-8F87-75859E1C5FFB}.Ad-Hoc|iPhone.Build.0 = Release|Any CPU
		{494B8F88-8D76-4C9C-8F87-75859E1C5FFB}.Ad-Hoc|iPhone.Deploy.0 = Release|Any CPU
		{494B8F88-8D76-4C9C-8F87-75859E1C5FFB}.Ad-Hoc|iPhoneSimulator.ActiveCfg = Release|Any CPU
		{494B8F88-8D76-4C9C-8F87-75859E1C5FFB}.Ad-Hoc|iPhoneSimulator.Build.0 = Release|Any CPU
		{494B8F88-8D76-4C9C-8F87-75859E1C5FFB}.Ad-Hoc|iPhoneSimulator.Deploy.0 = Release|Any CPU
		{494B8F88-8D76-4C9C-8F87-75859E1C5FFB}.Ad-Hoc|x64.ActiveCfg = Release|Any CPU
		{494B8F88-8D76-4C9C-8F87-75859E1C5FFB}.Ad-Hoc|x64.Build.0 = Release|Any CPU
		{494B8F88-8D76-4C9C-8F87-75859E1C5FFB}.Ad-Hoc|x64.Deploy.0 = Release|Any CPU
		{494B8F88-8D76-4C9C-8F87-75859E1C5FFB}.Ad-Hoc|x86.ActiveCfg = Release|Any CPU
		{494B8F88-8D76-4C9C-8F87-75859E1C5FFB}.Ad-Hoc|x86.Build.0 = Release|Any CPU
		{494B8F88-8D76-4C9C-8F87-75859E1C5FFB}.Ad-Hoc|x86.Deploy.0 = Release|Any CPU
		{494B8F88-8D76-4C9C-8F87-75859E1C5FFB}.AppStore|Any CPU.ActiveCfg = Release|Any CPU
		{494B8F88-8D76-4C9C-8F87-75859E1C5FFB}.AppStore|Any CPU.Build.0 = Release|Any CPU
		{494B8F88-8D76-4C9C-8F87-75859E1C5FFB}.AppStore|Any CPU.Deploy.0 = Release|Any CPU
		{494B8F88-8D76-4C9C-8F87-75859E1C5FFB}.AppStore|ARM.ActiveCfg = Release|Any CPU
		{494B8F88-8D76-4C9C-8F87-75859E1C5FFB}.AppStore|ARM.Build.0 = Release|Any CPU
		{494B8F88-8D76-4C9C-8F87-75859E1C5FFB}.AppStore|ARM.Deploy.0 = Release|Any CPU
		{494B8F88-8D76-4C9C-8F87-75859E1C5FFB}.AppStore|iPhone.ActiveCfg = Release|Any CPU
		{494B8F88-8D76-4C9C-8F87-75859E1C5FFB}.AppStore|iPhone.Build.0 = Release|Any CPU
		{494B8F88-8D76-4C9C-8F87-75859E1C5FFB}.AppStore|iPhone.Deploy.0 = Release|Any CPU
		{494B8F88-8D76-4C9C-8F87-75859E1C5FFB}.AppStore|iPhoneSimulator.ActiveCfg = Release|Any CPU
		{494B8F88-8D76-4C9C-8F87-75859E1C5FFB}.AppStore|iPhoneSimulator.Build.0 = Release|Any CPU
		{494B8F88-8D76-4C9C-8F87-75859E1C5FFB}.AppStore|iPhoneSimulator.Deploy.0 = Release|Any CPU
		{494B8F88-8D76-4C9C-8F87-75859E1C5FFB}.AppStore|x64.ActiveCfg = Release|Any CPU
		{494B8F88-8D76-4C9C-8F87-75859E1C5FFB}.AppStore|x64.Build.0 = Release|Any CPU
		{494B8F88-8D76-4C9C-8F87-75859E1C5FFB}.AppStore|x64.Deploy.0 = Release|Any CPU
		{494B8F88-8D76-4C9C-8F87-75859E1C5FFB}.AppStore|x86.ActiveCfg = Release|Any CPU
		{494B8F88-8D76-4C9C-8F87-75859E1C5FFB}.AppStore|x86.Build.0 = Release|Any CPU
		{494B8F88-8D76-4C9C-8F87-75859E1C5FFB}.AppStore|x86.Deploy.0 = Release|Any CPU
		{494B8F88-8D76-4C9C-8F87-75859E1C5FFB}.Debug|Any CPU.ActiveCfg = Debug|Any CPU
		{494B8F88-8D76-4C9C-8F87-75859E1C5FFB}.Debug|Any CPU.Build.0 = Debug|Any CPU
		{494B8F88-8D76-4C9C-8F87-75859E1C5FFB}.Debug|Any CPU.Deploy.0 = Debug|Any CPU
		{494B8F88-8D76-4C9C-8F87-75859E1C5FFB}.Debug|ARM.ActiveCfg = Debug|Any CPU
		{494B8F88-8D76-4C9C-8F87-75859E1C5FFB}.Debug|ARM.Build.0 = Debug|Any CPU
		{494B8F88-8D76-4C9C-8F87-75859E1C5FFB}.Debug|ARM.Deploy.0 = Debug|Any CPU
		{494B8F88-8D76-4C9C-8F87-75859E1C5FFB}.Debug|iPhone.ActiveCfg = Debug|Any CPU
		{494B8F88-8D76-4C9C-8F87-75859E1C5FFB}.Debug|iPhone.Build.0 = Debug|Any CPU
		{494B8F88-8D76-4C9C-8F87-75859E1C5FFB}.Debug|iPhone.Deploy.0 = Debug|Any CPU
		{494B8F88-8D76-4C9C-8F87-75859E1C5FFB}.Debug|iPhoneSimulator.ActiveCfg = Debug|Any CPU
		{494B8F88-8D76-4C9C-8F87-75859E1C5FFB}.Debug|iPhoneSimulator.Build.0 = Debug|Any CPU
		{494B8F88-8D76-4C9C-8F87-75859E1C5FFB}.Debug|iPhoneSimulator.Deploy.0 = Debug|Any CPU
		{494B8F88-8D76-4C9C-8F87-75859E1C5FFB}.Debug|x64.ActiveCfg = Debug|Any CPU
		{494B8F88-8D76-4C9C-8F87-75859E1C5FFB}.Debug|x64.Build.0 = Debug|Any CPU
		{494B8F88-8D76-4C9C-8F87-75859E1C5FFB}.Debug|x64.Deploy.0 = Debug|Any CPU
		{494B8F88-8D76-4C9C-8F87-75859E1C5FFB}.Debug|x86.ActiveCfg = Debug|Any CPU
		{494B8F88-8D76-4C9C-8F87-75859E1C5FFB}.Debug|x86.Build.0 = Debug|Any CPU
		{494B8F88-8D76-4C9C-8F87-75859E1C5FFB}.Debug|x86.Deploy.0 = Debug|Any CPU
		{494B8F88-8D76-4C9C-8F87-75859E1C5FFB}.Release|Any CPU.ActiveCfg = Release|Any CPU
		{494B8F88-8D76-4C9C-8F87-75859E1C5FFB}.Release|Any CPU.Build.0 = Release|Any CPU
		{494B8F88-8D76-4C9C-8F87-75859E1C5FFB}.Release|Any CPU.Deploy.0 = Release|Any CPU
		{494B8F88-8D76-4C9C-8F87-75859E1C5FFB}.Release|ARM.ActiveCfg = Release|Any CPU
		{494B8F88-8D76-4C9C-8F87-75859E1C5FFB}.Release|ARM.Build.0 = Release|Any CPU
		{494B8F88-8D76-4C9C-8F87-75859E1C5FFB}.Release|ARM.Deploy.0 = Release|Any CPU
		{494B8F88-8D76-4C9C-8F87-75859E1C5FFB}.Release|iPhone.ActiveCfg = Release|Any CPU
		{494B8F88-8D76-4C9C-8F87-75859E1C5FFB}.Release|iPhone.Build.0 = Release|Any CPU
		{494B8F88-8D76-4C9C-8F87-75859E1C5FFB}.Release|iPhone.Deploy.0 = Release|Any CPU
		{494B8F88-8D76-4C9C-8F87-75859E1C5FFB}.Release|iPhoneSimulator.ActiveCfg = Release|Any CPU
		{494B8F88-8D76-4C9C-8F87-75859E1C5FFB}.Release|iPhoneSimulator.Build.0 = Release|Any CPU
		{494B8F88-8D76-4C9C-8F87-75859E1C5FFB}.Release|iPhoneSimulator.Deploy.0 = Release|Any CPU
		{494B8F88-8D76-4C9C-8F87-75859E1C5FFB}.Release|x64.ActiveCfg = Release|Any CPU
		{494B8F88-8D76-4C9C-8F87-75859E1C5FFB}.Release|x64.Build.0 = Release|Any CPU
		{494B8F88-8D76-4C9C-8F87-75859E1C5FFB}.Release|x64.Deploy.0 = Release|Any CPU
		{494B8F88-8D76-4C9C-8F87-75859E1C5FFB}.Release|x86.ActiveCfg = Release|Any CPU
		{494B8F88-8D76-4C9C-8F87-75859E1C5FFB}.Release|x86.Build.0 = Release|Any CPU
		{494B8F88-8D76-4C9C-8F87-75859E1C5FFB}.Release|x86.Deploy.0 = Release|Any CPU
		{FC7CF01E-A20B-4EB7-BF15-D0C57A45B9B0}.Ad-Hoc|Any CPU.ActiveCfg = Ad-Hoc|iPhone
		{FC7CF01E-A20B-4EB7-BF15-D0C57A45B9B0}.Ad-Hoc|ARM.ActiveCfg = Ad-Hoc|iPhone
		{FC7CF01E-A20B-4EB7-BF15-D0C57A45B9B0}.Ad-Hoc|iPhone.ActiveCfg = Ad-Hoc|iPhone
		{FC7CF01E-A20B-4EB7-BF15-D0C57A45B9B0}.Ad-Hoc|iPhone.Build.0 = Ad-Hoc|iPhone
		{FC7CF01E-A20B-4EB7-BF15-D0C57A45B9B0}.Ad-Hoc|iPhoneSimulator.ActiveCfg = Ad-Hoc|iPhoneSimulator
		{FC7CF01E-A20B-4EB7-BF15-D0C57A45B9B0}.Ad-Hoc|iPhoneSimulator.Build.0 = Ad-Hoc|iPhoneSimulator
		{FC7CF01E-A20B-4EB7-BF15-D0C57A45B9B0}.Ad-Hoc|x64.ActiveCfg = Ad-Hoc|iPhone
		{FC7CF01E-A20B-4EB7-BF15-D0C57A45B9B0}.Ad-Hoc|x86.ActiveCfg = Ad-Hoc|iPhone
		{FC7CF01E-A20B-4EB7-BF15-D0C57A45B9B0}.AppStore|Any CPU.ActiveCfg = AppStore|iPhone
		{FC7CF01E-A20B-4EB7-BF15-D0C57A45B9B0}.AppStore|ARM.ActiveCfg = AppStore|iPhone
		{FC7CF01E-A20B-4EB7-BF15-D0C57A45B9B0}.AppStore|iPhone.ActiveCfg = AppStore|iPhone
		{FC7CF01E-A20B-4EB7-BF15-D0C57A45B9B0}.AppStore|iPhone.Build.0 = AppStore|iPhone
		{FC7CF01E-A20B-4EB7-BF15-D0C57A45B9B0}.AppStore|iPhoneSimulator.ActiveCfg = AppStore|iPhoneSimulator
		{FC7CF01E-A20B-4EB7-BF15-D0C57A45B9B0}.AppStore|iPhoneSimulator.Build.0 = AppStore|iPhoneSimulator
		{FC7CF01E-A20B-4EB7-BF15-D0C57A45B9B0}.AppStore|x64.ActiveCfg = AppStore|iPhone
		{FC7CF01E-A20B-4EB7-BF15-D0C57A45B9B0}.AppStore|x86.ActiveCfg = AppStore|iPhone
		{FC7CF01E-A20B-4EB7-BF15-D0C57A45B9B0}.Debug|Any CPU.ActiveCfg = Debug|iPhone
		{FC7CF01E-A20B-4EB7-BF15-D0C57A45B9B0}.Debug|ARM.ActiveCfg = Debug|iPhone
		{FC7CF01E-A20B-4EB7-BF15-D0C57A45B9B0}.Debug|iPhone.ActiveCfg = Debug|iPhone
		{FC7CF01E-A20B-4EB7-BF15-D0C57A45B9B0}.Debug|iPhone.Build.0 = Debug|iPhone
		{FC7CF01E-A20B-4EB7-BF15-D0C57A45B9B0}.Debug|iPhoneSimulator.ActiveCfg = Debug|iPhoneSimulator
		{FC7CF01E-A20B-4EB7-BF15-D0C57A45B9B0}.Debug|iPhoneSimulator.Build.0 = Debug|iPhoneSimulator
		{FC7CF01E-A20B-4EB7-BF15-D0C57A45B9B0}.Debug|x64.ActiveCfg = Debug|iPhone
		{FC7CF01E-A20B-4EB7-BF15-D0C57A45B9B0}.Debug|x86.ActiveCfg = Debug|iPhone
		{FC7CF01E-A20B-4EB7-BF15-D0C57A45B9B0}.Release|Any CPU.ActiveCfg = Release|iPhone
		{FC7CF01E-A20B-4EB7-BF15-D0C57A45B9B0}.Release|ARM.ActiveCfg = Release|iPhone
		{FC7CF01E-A20B-4EB7-BF15-D0C57A45B9B0}.Release|iPhone.ActiveCfg = Release|iPhone
		{FC7CF01E-A20B-4EB7-BF15-D0C57A45B9B0}.Release|iPhone.Build.0 = Release|iPhone
		{FC7CF01E-A20B-4EB7-BF15-D0C57A45B9B0}.Release|iPhoneSimulator.ActiveCfg = Release|iPhoneSimulator
		{FC7CF01E-A20B-4EB7-BF15-D0C57A45B9B0}.Release|iPhoneSimulator.Build.0 = Release|iPhoneSimulator
		{FC7CF01E-A20B-4EB7-BF15-D0C57A45B9B0}.Release|x64.ActiveCfg = Release|iPhone
		{FC7CF01E-A20B-4EB7-BF15-D0C57A45B9B0}.Release|x86.ActiveCfg = Release|iPhone
		{185D5D91-01EB-47A4-853A-7A9106E9128D}.Ad-Hoc|Any CPU.ActiveCfg = Release|x86
		{185D5D91-01EB-47A4-853A-7A9106E9128D}.Ad-Hoc|Any CPU.Build.0 = Release|x86
		{185D5D91-01EB-47A4-853A-7A9106E9128D}.Ad-Hoc|Any CPU.Deploy.0 = Release|x86
		{185D5D91-01EB-47A4-853A-7A9106E9128D}.Ad-Hoc|ARM.ActiveCfg = Release|ARM
		{185D5D91-01EB-47A4-853A-7A9106E9128D}.Ad-Hoc|ARM.Build.0 = Release|ARM
		{185D5D91-01EB-47A4-853A-7A9106E9128D}.Ad-Hoc|ARM.Deploy.0 = Release|ARM
		{185D5D91-01EB-47A4-853A-7A9106E9128D}.Ad-Hoc|iPhone.ActiveCfg = Release|x86
		{185D5D91-01EB-47A4-853A-7A9106E9128D}.Ad-Hoc|iPhone.Build.0 = Release|x86
		{185D5D91-01EB-47A4-853A-7A9106E9128D}.Ad-Hoc|iPhone.Deploy.0 = Release|x86
		{185D5D91-01EB-47A4-853A-7A9106E9128D}.Ad-Hoc|iPhoneSimulator.ActiveCfg = Release|x86
		{185D5D91-01EB-47A4-853A-7A9106E9128D}.Ad-Hoc|iPhoneSimulator.Build.0 = Release|x86
		{185D5D91-01EB-47A4-853A-7A9106E9128D}.Ad-Hoc|iPhoneSimulator.Deploy.0 = Release|x86
		{185D5D91-01EB-47A4-853A-7A9106E9128D}.Ad-Hoc|x64.ActiveCfg = Release|x64
		{185D5D91-01EB-47A4-853A-7A9106E9128D}.Ad-Hoc|x64.Build.0 = Release|x64
		{185D5D91-01EB-47A4-853A-7A9106E9128D}.Ad-Hoc|x64.Deploy.0 = Release|x64
		{185D5D91-01EB-47A4-853A-7A9106E9128D}.Ad-Hoc|x86.ActiveCfg = Release|x86
		{185D5D91-01EB-47A4-853A-7A9106E9128D}.Ad-Hoc|x86.Build.0 = Release|x86
		{185D5D91-01EB-47A4-853A-7A9106E9128D}.Ad-Hoc|x86.Deploy.0 = Release|x86
		{185D5D91-01EB-47A4-853A-7A9106E9128D}.AppStore|Any CPU.ActiveCfg = Release|x86
		{185D5D91-01EB-47A4-853A-7A9106E9128D}.AppStore|Any CPU.Build.0 = Release|x86
		{185D5D91-01EB-47A4-853A-7A9106E9128D}.AppStore|Any CPU.Deploy.0 = Release|x86
		{185D5D91-01EB-47A4-853A-7A9106E9128D}.AppStore|ARM.ActiveCfg = Release|ARM
		{185D5D91-01EB-47A4-853A-7A9106E9128D}.AppStore|ARM.Build.0 = Release|ARM
		{185D5D91-01EB-47A4-853A-7A9106E9128D}.AppStore|ARM.Deploy.0 = Release|ARM
		{185D5D91-01EB-47A4-853A-7A9106E9128D}.AppStore|iPhone.ActiveCfg = Release|x86
		{185D5D91-01EB-47A4-853A-7A9106E9128D}.AppStore|iPhone.Build.0 = Release|x86
		{185D5D91-01EB-47A4-853A-7A9106E9128D}.AppStore|iPhone.Deploy.0 = Release|x86
		{185D5D91-01EB-47A4-853A-7A9106E9128D}.AppStore|iPhoneSimulator.ActiveCfg = Release|x86
		{185D5D91-01EB-47A4-853A-7A9106E9128D}.AppStore|iPhoneSimulator.Build.0 = Release|x86
		{185D5D91-01EB-47A4-853A-7A9106E9128D}.AppStore|iPhoneSimulator.Deploy.0 = Release|x86
		{185D5D91-01EB-47A4-853A-7A9106E9128D}.AppStore|x64.ActiveCfg = Release|x64
		{185D5D91-01EB-47A4-853A-7A9106E9128D}.AppStore|x64.Build.0 = Release|x64
		{185D5D91-01EB-47A4-853A-7A9106E9128D}.AppStore|x64.Deploy.0 = Release|x64
		{185D5D91-01EB-47A4-853A-7A9106E9128D}.AppStore|x86.ActiveCfg = Release|x86
		{185D5D91-01EB-47A4-853A-7A9106E9128D}.AppStore|x86.Build.0 = Release|x86
		{185D5D91-01EB-47A4-853A-7A9106E9128D}.AppStore|x86.Deploy.0 = Release|x86
		{185D5D91-01EB-47A4-853A-7A9106E9128D}.Debug|Any CPU.ActiveCfg = Debug|x86
		{185D5D91-01EB-47A4-853A-7A9106E9128D}.Debug|ARM.ActiveCfg = Debug|ARM
		{185D5D91-01EB-47A4-853A-7A9106E9128D}.Debug|ARM.Build.0 = Debug|ARM
		{185D5D91-01EB-47A4-853A-7A9106E9128D}.Debug|ARM.Deploy.0 = Debug|ARM
		{185D5D91-01EB-47A4-853A-7A9106E9128D}.Debug|iPhone.ActiveCfg = Debug|x86
		{185D5D91-01EB-47A4-853A-7A9106E9128D}.Debug|iPhoneSimulator.ActiveCfg = Debug|x86
		{185D5D91-01EB-47A4-853A-7A9106E9128D}.Debug|x64.ActiveCfg = Debug|x64
		{185D5D91-01EB-47A4-853A-7A9106E9128D}.Debug|x64.Build.0 = Debug|x64
		{185D5D91-01EB-47A4-853A-7A9106E9128D}.Debug|x64.Deploy.0 = Debug|x64
		{185D5D91-01EB-47A4-853A-7A9106E9128D}.Debug|x86.ActiveCfg = Debug|x86
		{185D5D91-01EB-47A4-853A-7A9106E9128D}.Debug|x86.Build.0 = Debug|x86
		{185D5D91-01EB-47A4-853A-7A9106E9128D}.Debug|x86.Deploy.0 = Debug|x86
		{185D5D91-01EB-47A4-853A-7A9106E9128D}.Release|Any CPU.ActiveCfg = Release|x86
		{185D5D91-01EB-47A4-853A-7A9106E9128D}.Release|ARM.ActiveCfg = Release|ARM
		{185D5D91-01EB-47A4-853A-7A9106E9128D}.Release|ARM.Build.0 = Release|ARM
		{185D5D91-01EB-47A4-853A-7A9106E9128D}.Release|ARM.Deploy.0 = Release|ARM
		{185D5D91-01EB-47A4-853A-7A9106E9128D}.Release|iPhone.ActiveCfg = Release|x86
		{185D5D91-01EB-47A4-853A-7A9106E9128D}.Release|iPhoneSimulator.ActiveCfg = Release|x86
		{185D5D91-01EB-47A4-853A-7A9106E9128D}.Release|x64.ActiveCfg = Release|x64
		{185D5D91-01EB-47A4-853A-7A9106E9128D}.Release|x64.Build.0 = Release|x64
		{185D5D91-01EB-47A4-853A-7A9106E9128D}.Release|x64.Deploy.0 = Release|x64
		{185D5D91-01EB-47A4-853A-7A9106E9128D}.Release|x86.ActiveCfg = Release|x86
		{185D5D91-01EB-47A4-853A-7A9106E9128D}.Release|x86.Build.0 = Release|x86
		{185D5D91-01EB-47A4-853A-7A9106E9128D}.Release|x86.Deploy.0 = Release|x86
		{EAA822FC-62ED-4037-BB2F-EBDAEB654915}.Ad-Hoc|Any CPU.ActiveCfg = Debug|Any CPU
		{EAA822FC-62ED-4037-BB2F-EBDAEB654915}.Ad-Hoc|Any CPU.Build.0 = Debug|Any CPU
		{EAA822FC-62ED-4037-BB2F-EBDAEB654915}.Ad-Hoc|ARM.ActiveCfg = Debug|Any CPU
		{EAA822FC-62ED-4037-BB2F-EBDAEB654915}.Ad-Hoc|ARM.Build.0 = Debug|Any CPU
		{EAA822FC-62ED-4037-BB2F-EBDAEB654915}.Ad-Hoc|iPhone.ActiveCfg = Debug|Any CPU
		{EAA822FC-62ED-4037-BB2F-EBDAEB654915}.Ad-Hoc|iPhone.Build.0 = Debug|Any CPU
		{EAA822FC-62ED-4037-BB2F-EBDAEB654915}.Ad-Hoc|iPhoneSimulator.ActiveCfg = Debug|Any CPU
		{EAA822FC-62ED-4037-BB2F-EBDAEB654915}.Ad-Hoc|iPhoneSimulator.Build.0 = Debug|Any CPU
		{EAA822FC-62ED-4037-BB2F-EBDAEB654915}.Ad-Hoc|x64.ActiveCfg = Debug|Any CPU
		{EAA822FC-62ED-4037-BB2F-EBDAEB654915}.Ad-Hoc|x64.Build.0 = Debug|Any CPU
		{EAA822FC-62ED-4037-BB2F-EBDAEB654915}.Ad-Hoc|x86.ActiveCfg = Debug|Any CPU
		{EAA822FC-62ED-4037-BB2F-EBDAEB654915}.Ad-Hoc|x86.Build.0 = Debug|Any CPU
		{EAA822FC-62ED-4037-BB2F-EBDAEB654915}.AppStore|Any CPU.ActiveCfg = Debug|Any CPU
		{EAA822FC-62ED-4037-BB2F-EBDAEB654915}.AppStore|Any CPU.Build.0 = Debug|Any CPU
		{EAA822FC-62ED-4037-BB2F-EBDAEB654915}.AppStore|ARM.ActiveCfg = Debug|Any CPU
		{EAA822FC-62ED-4037-BB2F-EBDAEB654915}.AppStore|ARM.Build.0 = Debug|Any CPU
		{EAA822FC-62ED-4037-BB2F-EBDAEB654915}.AppStore|iPhone.ActiveCfg = Debug|Any CPU
		{EAA822FC-62ED-4037-BB2F-EBDAEB654915}.AppStore|iPhone.Build.0 = Debug|Any CPU
		{EAA822FC-62ED-4037-BB2F-EBDAEB654915}.AppStore|iPhoneSimulator.ActiveCfg = Debug|Any CPU
		{EAA822FC-62ED-4037-BB2F-EBDAEB654915}.AppStore|iPhoneSimulator.Build.0 = Debug|Any CPU
		{EAA822FC-62ED-4037-BB2F-EBDAEB654915}.AppStore|x64.ActiveCfg = Debug|Any CPU
		{EAA822FC-62ED-4037-BB2F-EBDAEB654915}.AppStore|x64.Build.0 = Debug|Any CPU
		{EAA822FC-62ED-4037-BB2F-EBDAEB654915}.AppStore|x86.ActiveCfg = Debug|Any CPU
		{EAA822FC-62ED-4037-BB2F-EBDAEB654915}.AppStore|x86.Build.0 = Debug|Any CPU
		{EAA822FC-62ED-4037-BB2F-EBDAEB654915}.Debug|Any CPU.ActiveCfg = Debug|Any CPU
		{EAA822FC-62ED-4037-BB2F-EBDAEB654915}.Debug|Any CPU.Build.0 = Debug|Any CPU
		{EAA822FC-62ED-4037-BB2F-EBDAEB654915}.Debug|ARM.ActiveCfg = Debug|Any CPU
		{EAA822FC-62ED-4037-BB2F-EBDAEB654915}.Debug|ARM.Build.0 = Debug|Any CPU
		{EAA822FC-62ED-4037-BB2F-EBDAEB654915}.Debug|iPhone.ActiveCfg = Debug|Any CPU
		{EAA822FC-62ED-4037-BB2F-EBDAEB654915}.Debug|iPhone.Build.0 = Debug|Any CPU
		{EAA822FC-62ED-4037-BB2F-EBDAEB654915}.Debug|iPhoneSimulator.ActiveCfg = Debug|Any CPU
		{EAA822FC-62ED-4037-BB2F-EBDAEB654915}.Debug|iPhoneSimulator.Build.0 = Debug|Any CPU
		{EAA822FC-62ED-4037-BB2F-EBDAEB654915}.Debug|x64.ActiveCfg = Debug|Any CPU
		{EAA822FC-62ED-4037-BB2F-EBDAEB654915}.Debug|x64.Build.0 = Debug|Any CPU
		{EAA822FC-62ED-4037-BB2F-EBDAEB654915}.Debug|x86.ActiveCfg = Debug|Any CPU
		{EAA822FC-62ED-4037-BB2F-EBDAEB654915}.Debug|x86.Build.0 = Debug|Any CPU
		{EAA822FC-62ED-4037-BB2F-EBDAEB654915}.Release|Any CPU.ActiveCfg = Release|Any CPU
		{EAA822FC-62ED-4037-BB2F-EBDAEB654915}.Release|Any CPU.Build.0 = Release|Any CPU
		{EAA822FC-62ED-4037-BB2F-EBDAEB654915}.Release|ARM.ActiveCfg = Release|Any CPU
		{EAA822FC-62ED-4037-BB2F-EBDAEB654915}.Release|ARM.Build.0 = Release|Any CPU
		{EAA822FC-62ED-4037-BB2F-EBDAEB654915}.Release|iPhone.ActiveCfg = Release|Any CPU
		{EAA822FC-62ED-4037-BB2F-EBDAEB654915}.Release|iPhone.Build.0 = Release|Any CPU
		{EAA822FC-62ED-4037-BB2F-EBDAEB654915}.Release|iPhoneSimulator.ActiveCfg = Release|Any CPU
		{EAA822FC-62ED-4037-BB2F-EBDAEB654915}.Release|iPhoneSimulator.Build.0 = Release|Any CPU
		{EAA822FC-62ED-4037-BB2F-EBDAEB654915}.Release|x64.ActiveCfg = Release|Any CPU
		{EAA822FC-62ED-4037-BB2F-EBDAEB654915}.Release|x64.Build.0 = Release|Any CPU
		{EAA822FC-62ED-4037-BB2F-EBDAEB654915}.Release|x86.ActiveCfg = Release|Any CPU
		{EAA822FC-62ED-4037-BB2F-EBDAEB654915}.Release|x86.Build.0 = Release|Any CPU
	EndGlobalSection
	GlobalSection(SolutionProperties) = preSolution
		HideSolutionNode = FALSE
	EndGlobalSection
	GlobalSection(ExtensibilityGlobals) = postSolution
		SolutionGuid = {B651C54D-F59C-47E2-855A-35EB6CD748A9}
	EndGlobalSection
EndGlobal
